
Microsoft Visual Studio Solution File, Format Version 12.00
# Visual Studio Version 16
VisualStudioVersion = 16.0.30320.27
MinimumVisualStudioVersion = 10.0.40219.1
Project("{9A19103F-16F7-4668-BE54-9A1E7A4F7556}") = "SportClassLibrary", "SportClassLibrary\SportClassLibrary.csproj", "{78D252C9-8463-47A9-B07F-F02075357E1D}"
EndProject
Project("{9A19103F-16F7-4668-BE54-9A1E7A4F7556}") = "WebSport", "WebSport\WebSport.csproj", "{5B6BFB1B-A609-46F9-A60D-9308C8BAF8C7}"
EndProject
Global
	GlobalSection(SolutionConfigurationPlatforms) = preSolution
		Debug|Any CPU = Debug|Any CPU
		Release|Any CPU = Release|Any CPU
	EndGlobalSection
	GlobalSection(ProjectConfigurationPlatforms) = postSolution
		{78D252C9-8463-47A9-B07F-F02075357E1D}.Debug|Any CPU.ActiveCfg = Debug|Any CPU
		{78D252C9-8463-47A9-B07F-F02075357E1D}.Debug|Any CPU.Build.0 = Debug|Any CPU
		{78D252C9-8463-47A9-B07F-F02075357E1D}.Release|Any CPU.ActiveCfg = Release|Any CPU
		{78D252C9-8463-47A9-B07F-F02075357E1D}.Release|Any CPU.Build.0 = Release|Any CPU
		{5B6BFB1B-A609-46F9-A60D-9308C8BAF8C7}.Debug|Any CPU.ActiveCfg = Debug|Any CPU
		{5B6BFB1B-A609-46F9-A60D-9308C8BAF8C7}.Debug|Any CPU.Build.0 = Debug|Any CPU
		{5B6BFB1B-A609-46F9-A60D-9308C8BAF8C7}.Release|Any CPU.ActiveCfg = Release|Any CPU
		{5B6BFB1B-A609-46F9-A60D-9308C8BAF8C7}.Release|Any CPU.Build.0 = Release|Any CPU
	EndGlobalSection
	GlobalSection(SolutionProperties) = preSolution
		HideSolutionNode = FALSE
	EndGlobalSection
	GlobalSection(ExtensibilityGlobals) = postSolution
		SolutionGuid = {38BF23E8-79A2-4536-940E-B305DD4C125E}
	EndGlobalSection
EndGlobal
